
Microsoft Visual Studio Solution File, Format Version 12.00
# Visual Studio Version 17
VisualStudioVersion = 17.3.32901.215
MinimumVisualStudioVersion = 10.0.40219.1
Project("{FAE04EC0-301F-11D3-BF4B-00C04F79EFBC}") = "TieredBankAPI", "TieredBankAPI.csproj", "{6BA7106F-1D60-41E7-A181-71F5C52B3297}"
EndProject
Global
	GlobalSection(SolutionConfigurationPlatforms) = preSolution
		Debug|Any CPU = Debug|Any CPU
		Release|Any CPU = Release|Any CPU
	EndGlobalSection
	GlobalSection(ProjectConfigurationPlatforms) = postSolution
		{6BA7106F-1D60-41E7-A181-71F5C52B3297}.Debug|Any CPU.ActiveCfg = Debug|Any CPU
		{6BA7106F-1D60-41E7-A181-71F5C52B3297}.Debug|Any CPU.Build.0 = Debug|Any CPU
		{6BA7106F-1D60-41E7-A181-71F5C52B3297}.Release|Any CPU.ActiveCfg = Release|Any CPU
		{6BA7106F-1D60-41E7-A181-71F5C52B3297}.Release|Any CPU.Build.0 = Release|Any CPU
	EndGlobalSection
	GlobalSection(SolutionProperties) = preSolution
		HideSolutionNode = FALSE
	EndGlobalSection
	GlobalSection(ExtensibilityGlobals) = postSolution
		SolutionGuid = {68314B10-49D0-4382-94D2-993C4D472A08}
	EndGlobalSection
EndGlobal
